
Microsoft Visual Studio Solution File, Format Version 12.00
# Visual Studio Version 17
VisualStudioVersion = 17.11.35005.142
MinimumVisualStudioVersion = 10.0.40219.1
Project("{9A19103F-16F7-4668-BE54-9A1E7A4F7556}") = "AskVantage.Frontend", "AskVantage\AskVantage.Frontend\AskVantage.Frontend.csproj", "{78942C13-A450-4F0E-BAA8-C701A57E2EF2}"
EndProject
Project("{9A19103F-16F7-4668-BE54-9A1E7A4F7556}") = "AskVantage.Frontend.Client", "AskVantage\AskVantage.Frontend.Client\AskVantage.Frontend.Client.csproj", "{711CE2BC-6B7F-45DE-8CD5-E906D56257D4}"
EndProject
Project("{9A19103F-16F7-4668-BE54-9A1E7A4F7556}") = "AskVantage.AppHost", "AskVantage\Aspire\AskVantage.AppHost\AskVantage.AppHost.csproj", "{F9211C35-F67D-420A-9316-45844F482947}"
EndProject
Project("{9A19103F-16F7-4668-BE54-9A1E7A4F7556}") = "AskVantage.ServiceDefaults", "AskVantage\Aspire\AskVantage.ServiceDefaults\AskVantage.ServiceDefaults.csproj", "{9DEC036D-C54C-48E8-BFAB-33ED44A9678B}"
EndProject
Project("{2150E333-8FDC-42A3-9474-1A3956D46DE8}") = "Aspire", "Aspire", "{744A9A36-16C1-4054-860C-E9752DF4AB8E}"
EndProject
Project("{9A19103F-16F7-4668-BE54-9A1E7A4F7556}") = "ImageApi", "AskVantage\Apis\ImageApi\ImageApi.csproj", "{4EECA0C6-D742-4FEB-BEDA-64AF60E572C5}"
EndProject
Project("{2150E333-8FDC-42A3-9474-1A3956D46DE8}") = "Apis", "Apis", "{FAE394DD-19CA-4896-B4FF-F142E4B4331C}"
EndProject
Project("{FAE04EC0-301F-11D3-BF4B-00C04F79EFBC}") = "Ollama.Hosting", "Ollama.Hosting\Ollama.Hosting.csproj", "{81BABB8E-CD67-4AC5-B8F3-44AC72629B23}"
EndProject
Global
	GlobalSection(SolutionConfigurationPlatforms) = preSolution
		Debug|Any CPU = Debug|Any CPU
		Release|Any CPU = Release|Any CPU
	EndGlobalSection
	GlobalSection(ProjectConfigurationPlatforms) = postSolution
		{78942C13-A450-4F0E-BAA8-C701A57E2EF2}.Debug|Any CPU.ActiveCfg = Debug|Any CPU
		{78942C13-A450-4F0E-BAA8-C701A57E2EF2}.Debug|Any CPU.Build.0 = Debug|Any CPU
		{78942C13-A450-4F0E-BAA8-C701A57E2EF2}.Release|Any CPU.ActiveCfg = Release|Any CPU
		{78942C13-A450-4F0E-BAA8-C701A57E2EF2}.Release|Any CPU.Build.0 = Release|Any CPU
		{711CE2BC-6B7F-45DE-8CD5-E906D56257D4}.Debug|Any CPU.ActiveCfg = Debug|Any CPU
		{711CE2BC-6B7F-45DE-8CD5-E906D56257D4}.Debug|Any CPU.Build.0 = Debug|Any CPU
		{711CE2BC-6B7F-45DE-8CD5-E906D56257D4}.Release|Any CPU.ActiveCfg = Release|Any CPU
		{711CE2BC-6B7F-45DE-8CD5-E906D56257D4}.Release|Any CPU.Build.0 = Release|Any CPU
		{F9211C35-F67D-420A-9316-45844F482947}.Debug|Any CPU.ActiveCfg = Debug|Any CPU
		{F9211C35-F67D-420A-9316-45844F482947}.Debug|Any CPU.Build.0 = Debug|Any CPU
		{F9211C35-F67D-420A-9316-45844F482947}.Release|Any CPU.ActiveCfg = Release|Any CPU
		{F9211C35-F67D-420A-9316-45844F482947}.Release|Any CPU.Build.0 = Release|Any CPU
		{9DEC036D-C54C-48E8-BFAB-33ED44A9678B}.Debug|Any CPU.ActiveCfg = Debug|Any CPU
		{9DEC036D-C54C-48E8-BFAB-33ED44A9678B}.Debug|Any CPU.Build.0 = Debug|Any CPU
		{9DEC036D-C54C-48E8-BFAB-33ED44A9678B}.Release|Any CPU.ActiveCfg = Release|Any CPU
		{9DEC036D-C54C-48E8-BFAB-33ED44A9678B}.Release|Any CPU.Build.0 = Release|Any CPU
		{4EECA0C6-D742-4FEB-BEDA-64AF60E572C5}.Debug|Any CPU.ActiveCfg = Debug|Any CPU
		{4EECA0C6-D742-4FEB-BEDA-64AF60E572C5}.Debug|Any CPU.Build.0 = Debug|Any CPU
		{4EECA0C6-D742-4FEB-BEDA-64AF60E572C5}.Release|Any CPU.ActiveCfg = Release|Any CPU
		{4EECA0C6-D742-4FEB-BEDA-64AF60E572C5}.Release|Any CPU.Build.0 = Release|Any CPU
		{81BABB8E-CD67-4AC5-B8F3-44AC72629B23}.Debug|Any CPU.ActiveCfg = Debug|Any CPU
		{81BABB8E-CD67-4AC5-B8F3-44AC72629B23}.Debug|Any CPU.Build.0 = Debug|Any CPU
		{81BABB8E-CD67-4AC5-B8F3-44AC72629B23}.Release|Any CPU.ActiveCfg = Release|Any CPU
		{81BABB8E-CD67-4AC5-B8F3-44AC72629B23}.Release|Any CPU.Build.0 = Release|Any CPU
	EndGlobalSection
	GlobalSection(SolutionProperties) = preSolution
		HideSolutionNode = FALSE
	EndGlobalSection
	GlobalSection(NestedProjects) = preSolution
		{F9211C35-F67D-420A-9316-45844F482947} = {744A9A36-16C1-4054-860C-E9752DF4AB8E}
		{9DEC036D-C54C-48E8-BFAB-33ED44A9678B} = {744A9A36-16C1-4054-860C-E9752DF4AB8E}
		{4EECA0C6-D742-4FEB-BEDA-64AF60E572C5} = {FAE394DD-19CA-4896-B4FF-F142E4B4331C}
		{81BABB8E-CD67-4AC5-B8F3-44AC72629B23} = {744A9A36-16C1-4054-860C-E9752DF4AB8E}
	EndGlobalSection
	GlobalSection(ExtensibilityGlobals) = postSolution
		SolutionGuid = {A2E8151C-AB1D-4DD2-B9E5-F81F7E7EEA06}
	EndGlobalSection
EndGlobal
